
Microsoft Visual Studio Solution File, Format Version 12.00
# Visual Studio Version 17
VisualStudioVersion = 17.9.34701.34
MinimumVisualStudioVersion = 10.0.40219.1
Project("{8BC9CEB8-8B4A-11D0-8D11-00A0C91BC942}") = "ht4n", "src\ht4n\ht4n.vcxproj", "{6D3D2C53-93EB-417A-B4A2-6A8C6B264AFD}"
	ProjectSection(ProjectDependencies) = postProject
		{6F3B2E1A-967C-417B-851D-630DECC64AF7} = {6F3B2E1A-967C-417B-851D-630DECC64AF7}
		{DEA9D11E-E166-41BB-9BEC-B68053D6AEA8} = {DEA9D11E-E166-41BB-9BEC-B68053D6AEA8}
		{67D88850-0B1E-4B14-B452-7688A968BECC} = {67D88850-0B1E-4B14-B452-7688A968BECC}
		{1172DD80-7329-424C-B51D-B020312688DA} = {1172DD80-7329-424C-B51D-B020312688DA}
		{27BE7784-1296-4FED-9672-88A367483B4D} = {27BE7784-1296-4FED-9672-88A367483B4D}
		{9441C292-829C-4418-9135-BC585AE37075} = {9441C292-829C-4418-9135-BC585AE37075}
		{53CB63AD-78BD-4018-B794-35FA889C9B2B} = {53CB63AD-78BD-4018-B794-35FA889C9B2B}
		{3845C0F0-DF3B-4F3B-90BA-CA7B7E7C0747} = {3845C0F0-DF3B-4F3B-90BA-CA7B7E7C0747}
	EndProjectSection
EndProject
Project("{2150E333-8FDC-42A3-9474-1A3956D46DE8}") = "tests", "tests", "{5A764AE8-337C-46E7-8064-433A338193D4}"
EndProject
Project("{9A19103F-16F7-4668-BE54-9A1E7A4F7556}") = "ht4n.Test", "src\ht4n.Test\ht4n.Test.csproj", "{4AE1AE1F-1FAB-4794-BA82-01FB7B54FD7E}"
EndProject
Project("{2150E333-8FDC-42A3-9474-1A3956D46DE8}") = "deps", "deps", "{2055E666-5B5C-4F3A-AC08-A8DD83A583E1}"
EndProject
Project("{8BC9CEB8-8B4A-11D0-8D11-00A0C91BC942}") = "ht4c.Common", "..\ht4c\src\ht4c.Common\ht4c.Common.vcxproj", "{3845C0F0-DF3B-4F3B-90BA-CA7B7E7C0747}"
EndProject
Project("{8BC9CEB8-8B4A-11D0-8D11-00A0C91BC942}") = "ht4c.Context", "..\ht4c\src\ht4c.Context\ht4c.Context.vcxproj", "{DEA9D11E-E166-41BB-9BEC-B68053D6AEA8}"
	ProjectSection(ProjectDependencies) = postProject
		{3845C0F0-DF3B-4F3B-90BA-CA7B7E7C0747} = {3845C0F0-DF3B-4F3B-90BA-CA7B7E7C0747}
	EndProjectSection
EndProject
Project("{8BC9CEB8-8B4A-11D0-8D11-00A0C91BC942}") = "ht4c.Hyper", "..\ht4c\src\ht4c.Hyper\ht4c.Hyper.vcxproj", "{6F3B2E1A-967C-417B-851D-630DECC64AF7}"
	ProjectSection(ProjectDependencies) = postProject
		{DEA9D11E-E166-41BB-9BEC-B68053D6AEA8} = {DEA9D11E-E166-41BB-9BEC-B68053D6AEA8}
		{3845C0F0-DF3B-4F3B-90BA-CA7B7E7C0747} = {3845C0F0-DF3B-4F3B-90BA-CA7B7E7C0747}
	EndProjectSection
EndProject
Project("{8BC9CEB8-8B4A-11D0-8D11-00A0C91BC942}") = "ht4c.Thrift", "..\ht4c\src\ht4c.Thrift\ht4c.Thrift.vcxproj", "{27BE7784-1296-4FED-9672-88A367483B4D}"
	ProjectSection(ProjectDependencies) = postProject
		{DEA9D11E-E166-41BB-9BEC-B68053D6AEA8} = {DEA9D11E-E166-41BB-9BEC-B68053D6AEA8}
		{3845C0F0-DF3B-4F3B-90BA-CA7B7E7C0747} = {3845C0F0-DF3B-4F3B-90BA-CA7B7E7C0747}
	EndProjectSection
EndProject
Project("{8BC9CEB8-8B4A-11D0-8D11-00A0C91BC942}") = "ht4c.Hamster", "..\ht4c\src\ht4c.Hamster\ht4c.Hamster.vcxproj", "{9441C292-829C-4418-9135-BC585AE37075}"
	ProjectSection(ProjectDependencies) = postProject
		{67D88850-0B1E-4B14-B452-7688A968BECC} = {67D88850-0B1E-4B14-B452-7688A968BECC}
	EndProjectSection
EndProject
Project("{8BC9CEB8-8B4A-11D0-8D11-00A0C91BC942}") = "hamsterdb", "..\ht4c\deps\hamsterdb\hamsterdb.vcxproj", "{67D88850-0B1E-4B14-B452-7688A968BECC}"
EndProject
Project("{8BC9CEB8-8B4A-11D0-8D11-00A0C91BC942}") = "ht4c.SQLite", "..\ht4c\src\ht4c.SQLite\ht4c.SQLite.vcxproj", "{1172DD80-7329-424C-B51D-B020312688DA}"
EndProject
Project("{2150E333-8FDC-42A3-9474-1A3956D46DE8}") = "tools", "tools", "{91501F8D-EF57-41B4-A9B4-C990A130AB89}"
EndProject
Project("{9A19103F-16F7-4668-BE54-9A1E7A4F7556}") = "ht4n.Explorer", "src\ht4n.Explorer\ht4n.Explorer.csproj", "{54AB43C3-C8F5-41A7-A2DC-9D6AD087F1F3}"
EndProject
Project("{9A19103F-16F7-4668-BE54-9A1E7A4F7556}") = "ht4n.GettingStarted", "src\ht4n.GettingStarted\ht4n.GettingStarted.csproj", "{B0D731E8-EA1A-4D56-AF8E-2A62A7E4AF46}"
EndProject
Project("{8BC9CEB8-8B4A-11D0-8D11-00A0C91BC942}") = "ht4n.GettingStarted.CLR", "src\ht4n.GettingStarted.CLR\ht4n.GettingStarted.CLR.vcxproj", "{36D6F6F7-3058-47F7-94F0-58053C601F3E}"
EndProject
Project("{8BC9CEB8-8B4A-11D0-8D11-00A0C91BC942}") = "ht4c.Odbc", "..\ht4c\src\ht4c.Odbc\ht4c.Odbc.vcxproj", "{53CB63AD-78BD-4018-B794-35FA889C9B2B}"
	ProjectSection(ProjectDependencies) = postProject
		{DEA9D11E-E166-41BB-9BEC-B68053D6AEA8} = {DEA9D11E-E166-41BB-9BEC-B68053D6AEA8}
		{3845C0F0-DF3B-4F3B-90BA-CA7B7E7C0747} = {3845C0F0-DF3B-4F3B-90BA-CA7B7E7C0747}
	EndProjectSection
EndProject
Global
	GlobalSection(SolutionConfigurationPlatforms) = preSolution
		Debug|x64 = Debug|x64
		Release|x64 = Release|x64
	EndGlobalSection
	GlobalSection(ProjectConfigurationPlatforms) = postSolution
		{6D3D2C53-93EB-417A-B4A2-6A8C6B264AFD}.Debug|x64.ActiveCfg = Debug|x64
		{6D3D2C53-93EB-417A-B4A2-6A8C6B264AFD}.Debug|x64.Build.0 = Debug|x64
		{6D3D2C53-93EB-417A-B4A2-6A8C6B264AFD}.Release|x64.ActiveCfg = Release|x64
		{6D3D2C53-93EB-417A-B4A2-6A8C6B264AFD}.Release|x64.Build.0 = Release|x64
		{4AE1AE1F-1FAB-4794-BA82-01FB7B54FD7E}.Debug|x64.ActiveCfg = Debug|Any CPU
		{4AE1AE1F-1FAB-4794-BA82-01FB7B54FD7E}.Debug|x64.Build.0 = Debug|Any CPU
		{4AE1AE1F-1FAB-4794-BA82-01FB7B54FD7E}.Release|x64.ActiveCfg = Release|Any CPU
		{4AE1AE1F-1FAB-4794-BA82-01FB7B54FD7E}.Release|x64.Build.0 = Release|Any CPU
		{3845C0F0-DF3B-4F3B-90BA-CA7B7E7C0747}.Debug|x64.ActiveCfg = Debug|x64
		{3845C0F0-DF3B-4F3B-90BA-CA7B7E7C0747}.Debug|x64.Build.0 = Debug|x64
		{3845C0F0-DF3B-4F3B-90BA-CA7B7E7C0747}.Release|x64.ActiveCfg = Release|x64
		{3845C0F0-DF3B-4F3B-90BA-CA7B7E7C0747}.Release|x64.Build.0 = Release|x64
		{DEA9D11E-E166-41BB-9BEC-B68053D6AEA8}.Debug|x64.ActiveCfg = Debug|x64
		{DEA9D11E-E166-41BB-9BEC-B68053D6AEA8}.Debug|x64.Build.0 = Debug|x64
		{DEA9D11E-E166-41BB-9BEC-B68053D6AEA8}.Release|x64.ActiveCfg = Release|x64
		{DEA9D11E-E166-41BB-9BEC-B68053D6AEA8}.Release|x64.Build.0 = Release|x64
		{6F3B2E1A-967C-417B-851D-630DECC64AF7}.Debug|x64.ActiveCfg = Debug|x64
		{6F3B2E1A-967C-417B-851D-630DECC64AF7}.Debug|x64.Build.0 = Debug|x64
		{6F3B2E1A-967C-417B-851D-630DECC64AF7}.Release|x64.ActiveCfg = Release|x64
		{6F3B2E1A-967C-417B-851D-630DECC64AF7}.Release|x64.Build.0 = Release|x64
		{27BE7784-1296-4FED-9672-88A367483B4D}.Debug|x64.ActiveCfg = Debug|x64
		{27BE7784-1296-4FED-9672-88A367483B4D}.Debug|x64.Build.0 = Debug|x64
		{27BE7784-1296-4FED-9672-88A367483B4D}.Release|x64.ActiveCfg = Release|x64
		{27BE7784-1296-4FED-9672-88A367483B4D}.Release|x64.Build.0 = Release|x64
		{9441C292-829C-4418-9135-BC585AE37075}.Debug|x64.ActiveCfg = Debug|x64
		{9441C292-829C-4418-9135-BC585AE37075}.Debug|x64.Build.0 = Debug|x64
		{9441C292-829C-4418-9135-BC585AE37075}.Release|x64.ActiveCfg = Release|x64
		{9441C292-829C-4418-9135-BC585AE37075}.Release|x64.Build.0 = Release|x64
		{67D88850-0B1E-4B14-B452-7688A968BECC}.Debug|x64.ActiveCfg = Debug|x64
		{67D88850-0B1E-4B14-B452-7688A968BECC}.Debug|x64.Build.0 = Debug|x64
		{67D88850-0B1E-4B14-B452-7688A968BECC}.Release|x64.ActiveCfg = Release|x64
		{67D88850-0B1E-4B14-B452-7688A968BECC}.Release|x64.Build.0 = Release|x64
		{1172DD80-7329-424C-B51D-B020312688DA}.Debug|x64.ActiveCfg = Debug|x64
		{1172DD80-7329-424C-B51D-B020312688DA}.Debug|x64.Build.0 = Debug|x64
		{1172DD80-7329-424C-B51D-B020312688DA}.Release|x64.ActiveCfg = Release|x64
		{1172DD80-7329-424C-B51D-B020312688DA}.Release|x64.Build.0 = Release|x64
		{54AB43C3-C8F5-41A7-A2DC-9D6AD087F1F3}.Debug|x64.ActiveCfg = Debug|Any CPU
		{54AB43C3-C8F5-41A7-A2DC-9D6AD087F1F3}.Debug|x64.Build.0 = Debug|Any CPU
		{54AB43C3-C8F5-41A7-A2DC-9D6AD087F1F3}.Release|x64.ActiveCfg = Release|Any CPU
		{54AB43C3-C8F5-41A7-A2DC-9D6AD087F1F3}.Release|x64.Build.0 = Release|Any CPU
		{B0D731E8-EA1A-4D56-AF8E-2A62A7E4AF46}.Debug|x64.ActiveCfg = Debug|Any CPU
		{B0D731E8-EA1A-4D56-AF8E-2A62A7E4AF46}.Debug|x64.Build.0 = Debug|Any CPU
		{B0D731E8-EA1A-4D56-AF8E-2A62A7E4AF46}.Release|x64.ActiveCfg = Release|Any CPU
		{B0D731E8-EA1A-4D56-AF8E-2A62A7E4AF46}.Release|x64.Build.0 = Release|Any CPU
		{36D6F6F7-3058-47F7-94F0-58053C601F3E}.Debug|x64.ActiveCfg = Debug|x64
		{36D6F6F7-3058-47F7-94F0-58053C601F3E}.Debug|x64.Build.0 = Debug|x64
		{36D6F6F7-3058-47F7-94F0-58053C601F3E}.Release|x64.ActiveCfg = Release|x64
		{36D6F6F7-3058-47F7-94F0-58053C601F3E}.Release|x64.Build.0 = Release|x64
		{53CB63AD-78BD-4018-B794-35FA889C9B2B}.Debug|x64.ActiveCfg = Debug|x64
		{53CB63AD-78BD-4018-B794-35FA889C9B2B}.Debug|x64.Build.0 = Debug|x64
		{53CB63AD-78BD-4018-B794-35FA889C9B2B}.Release|x64.ActiveCfg = Release|x64
		{53CB63AD-78BD-4018-B794-35FA889C9B2B}.Release|x64.Build.0 = Release|x64
	EndGlobalSection
	GlobalSection(SolutionProperties) = preSolution
		HideSolutionNode = FALSE
	EndGlobalSection
	GlobalSection(NestedProjects) = preSolution
		{4AE1AE1F-1FAB-4794-BA82-01FB7B54FD7E} = {5A764AE8-337C-46E7-8064-433A338193D4}
		{3845C0F0-DF3B-4F3B-90BA-CA7B7E7C0747} = {2055E666-5B5C-4F3A-AC08-A8DD83A583E1}
		{DEA9D11E-E166-41BB-9BEC-B68053D6AEA8} = {2055E666-5B5C-4F3A-AC08-A8DD83A583E1}
		{6F3B2E1A-967C-417B-851D-630DECC64AF7} = {2055E666-5B5C-4F3A-AC08-A8DD83A583E1}
		{27BE7784-1296-4FED-9672-88A367483B4D} = {2055E666-5B5C-4F3A-AC08-A8DD83A583E1}
		{9441C292-829C-4418-9135-BC585AE37075} = {2055E666-5B5C-4F3A-AC08-A8DD83A583E1}
		{67D88850-0B1E-4B14-B452-7688A968BECC} = {2055E666-5B5C-4F3A-AC08-A8DD83A583E1}
		{1172DD80-7329-424C-B51D-B020312688DA} = {2055E666-5B5C-4F3A-AC08-A8DD83A583E1}
		{54AB43C3-C8F5-41A7-A2DC-9D6AD087F1F3} = {91501F8D-EF57-41B4-A9B4-C990A130AB89}
		{B0D731E8-EA1A-4D56-AF8E-2A62A7E4AF46} = {91501F8D-EF57-41B4-A9B4-C990A130AB89}
		{36D6F6F7-3058-47F7-94F0-58053C601F3E} = {91501F8D-EF57-41B4-A9B4-C990A130AB89}
		{53CB63AD-78BD-4018-B794-35FA889C9B2B} = {2055E666-5B5C-4F3A-AC08-A8DD83A583E1}
	EndGlobalSection
	GlobalSection(ExtensibilityGlobals) = postSolution
		SolutionGuid = {84192604-C28E-449A-80ED-D103280CD609}
	EndGlobalSection
EndGlobal
