<?xml version="1.0" encoding="utf-8"?>
<Project ToolsVersion="4.0" xmlns="http://schemas.microsoft.com/developer/msbuild/2003">
  <ItemGroup>
    <Filter Include="Source Files">
      <UniqueIdentifier>{4FC737F1-C7A5-4376-A066-2A32D752A2FF}</UniqueIdentifier>
      <Extensions>cpp;c;cc;cxx;def;odl;idl;hpj;bat;asm;asmx</Extensions>
    </Filter>
    <Filter Include="Source Files\Composition">
      <UniqueIdentifier>{875a41ee-2c45-40bd-8b0c-1191cc54af19}</UniqueIdentifier>
    </Filter>
  </ItemGroup>
  <ItemGroup>
    <ClInclude Include="stdafx.h">
      <Filter>Source Files</Filter>
    </ClInclude>
    <ClInclude Include="Cell.h">
      <Filter>Source Files</Filter>
    </ClInclude>
    <ClInclude Include="CellInterval.h">
      <Filter>Source Files</Filter>
    </ClInclude>
    <ClInclude Include="ChunkedTableMutator.h">
      <Filter>Source Files</Filter>
    </ClInclude>
    <ClInclude Include="Client.h">
      <Filter>Source Files</Filter>
    </ClInclude>
    <ClInclude Include="Context.h">
      <Filter>Source Files</Filter>
    </ClInclude>
    <ClInclude Include="Exception.h">
      <Filter>Source Files</Filter>
    </ClInclude>
    <ClInclude Include="ITableMutator.h">
      <Filter>Source Files</Filter>
    </ClInclude>
    <ClInclude Include="ITableScanner.h">
      <Filter>Source Files</Filter>
    </ClInclude>
    <ClInclude Include="Key.h">
      <Filter>Source Files</Filter>
    </ClInclude>
    <ClInclude Include="Namespace.h">
      <Filter>Source Files</Filter>
    </ClInclude>
    <ClInclude Include="RowInterval.h">
      <Filter>Source Files</Filter>
    </ClInclude>
    <ClInclude Include="ScanSpec.h">
      <Filter>Source Files</Filter>
    </ClInclude>
    <ClInclude Include="Table.h">
      <Filter>Source Files</Filter>
    </ClInclude>
    <ClInclude Include="TableMutator.h">
      <Filter>Source Files</Filter>
    </ClInclude>
    <ClInclude Include="TableScanner.h">
      <Filter>Source Files</Filter>
    </ClInclude>
    <ClInclude Include="resource.h" />
    <ClInclude Include="NamespaceListing.h">
      <Filter>Source Files</Filter>
    </ClInclude>
    <ClInclude Include="MutatorSpec.h">
      <Filter>Source Files</Filter>
    </ClInclude>
    <ClInclude Include="CellFlag.h">
      <Filter>Source Files</Filter>
    </ClInclude>
    <ClInclude Include="Logging.h">
      <Filter>Source Files</Filter>
    </ClInclude>
    <ClInclude Include="AppDomainHandler.h">
      <Filter>Source Files</Filter>
    </ClInclude>
    <ClInclude Include="CreateDispositions.h">
      <Filter>Source Files</Filter>
    </ClInclude>
    <ClInclude Include="OpenDispositions.h">
      <Filter>Source Files</Filter>
    </ClInclude>
    <ClInclude Include="DropDispositions.h">
      <Filter>Source Files</Filter>
    </ClInclude>
    <ClInclude Include="CrossAppDomainAction.h">
      <Filter>Source Files</Filter>
    </ClInclude>
    <ClInclude Include="CrossAppDomainFunc.h">
      <Filter>Source Files</Filter>
    </ClInclude>
    <ClInclude Include="AsyncResult.h">
      <Filter>Source Files</Filter>
    </ClInclude>
    <ClInclude Include="BlockingAsyncResult.h">
      <Filter>Source Files</Filter>
    </ClInclude>
    <ClInclude Include="MutatorKind.h">
      <Filter>Source Files</Filter>
    </ClInclude>
    <ClInclude Include="AsyncScannerCallback.h">
      <Filter>Source Files</Filter>
    </ClInclude>
    <ClInclude Include="ScannerFlags.h">
      <Filter>Source Files</Filter>
    </ClInclude>
    <ClInclude Include="MutatorFlags.h">
      <Filter>Source Files</Filter>
    </ClInclude>
    <ClInclude Include="QueuedTableMutator.h">
      <Filter>Source Files</Filter>
    </ClInclude>
    <ClInclude Include="AsyncScannerContext.h">
      <Filter>Source Files</Filter>
    </ClInclude>
    <ClInclude Include="AsyncMutatorContext.h">
      <Filter>Source Files</Filter>
    </ClInclude>
    <ClInclude Include="AsyncCallbackResult.h">
      <Filter>Source Files</Filter>
    </ClInclude>
    <ClInclude Include="KeyComparer.h">
      <Filter>Source Files</Filter>
    </ClInclude>
    <ClInclude Include="IContext.h">
      <Filter>Source Files</Filter>
    </ClInclude>
    <ClInclude Include="ContextFeature.h">
      <Filter>Source Files</Filter>
    </ClInclude>
    <ClInclude Include="ITable.h">
      <Filter>Source Files</Filter>
    </ClInclude>
    <ClInclude Include="INamespace.h">
      <Filter>Source Files</Filter>
    </ClInclude>
    <ClInclude Include="IClient.h">
      <Filter>Source Files</Filter>
    </ClInclude>
    <ClInclude Include="Composition\IContextFactory.h">
      <Filter>Source Files\Composition</Filter>
    </ClInclude>
    <ClInclude Include="Composition\ContextFactory.h">
      <Filter>Source Files\Composition</Filter>
    </ClInclude>
    <ClInclude Include="Composition\IContextProvider.h">
      <Filter>Source Files\Composition</Filter>
    </ClInclude>
    <ClInclude Include="Composition\ExportContextProviderAttribute.h">
      <Filter>Source Files\Composition</Filter>
    </ClInclude>
    <ClInclude Include="Composition\IContextProviderMetaData.h">
      <Filter>Source Files\Composition</Filter>
    </ClInclude>
    <ClInclude Include="ColumnPredicate.h">
      <Filter>Source Files</Filter>
    </ClInclude>
    <ClInclude Include="MatchKind.h">
      <Filter>Source Files</Filter>
    </ClInclude>
    <ClInclude Include="ScanSpecBuilder.h">
      <Filter>Source Files</Filter>
    </ClInclude>
    <ClInclude Include="CM2U8.h">
      <Filter>Source Files</Filter>
    </ClInclude>
    <ClInclude Include="RowComparer.h">
      <Filter>Source Files</Filter>
    </ClInclude>
  </ItemGroup>
  <ItemGroup>
    <ClCompile Include="stdafx.cpp">
      <Filter>Source Files</Filter>
    </ClCompile>
    <ClCompile Include="AssemblyInfo.cpp">
      <Filter>Source Files</Filter>
    </ClCompile>
    <ClCompile Include="Cell.cpp">
      <Filter>Source Files</Filter>
    </ClCompile>
    <ClCompile Include="CellInterval.cpp">
      <Filter>Source Files</Filter>
    </ClCompile>
    <ClCompile Include="ChunkedTableMutator.cpp">
      <Filter>Source Files</Filter>
    </ClCompile>
    <ClCompile Include="Client.cpp">
      <Filter>Source Files</Filter>
    </ClCompile>
    <ClCompile Include="Context.cpp">
      <Filter>Source Files</Filter>
    </ClCompile>
    <ClCompile Include="Exception.cpp">
      <Filter>Source Files</Filter>
    </ClCompile>
    <ClCompile Include="Key.cpp">
      <Filter>Source Files</Filter>
    </ClCompile>
    <ClCompile Include="Namespace.cpp">
      <Filter>Source Files</Filter>
    </ClCompile>
    <ClCompile Include="RowInterval.cpp">
      <Filter>Source Files</Filter>
    </ClCompile>
    <ClCompile Include="ScanSpec.cpp">
      <Filter>Source Files</Filter>
    </ClCompile>
    <ClCompile Include="Table.cpp">
      <Filter>Source Files</Filter>
    </ClCompile>
    <ClCompile Include="TableMutator.cpp">
      <Filter>Source Files</Filter>
    </ClCompile>
    <ClCompile Include="TableScanner.cpp">
      <Filter>Source Files</Filter>
    </ClCompile>
    <ClCompile Include="DllMain.cpp">
      <Filter>Source Files</Filter>
    </ClCompile>
    <ClCompile Include="NamespaceListing.cpp">
      <Filter>Source Files</Filter>
    </ClCompile>
    <ClCompile Include="MutatorSpec.cpp">
      <Filter>Source Files</Filter>
    </ClCompile>
    <ClCompile Include="Logging.cpp">
      <Filter>Source Files</Filter>
    </ClCompile>
    <ClCompile Include="GlobalSuppressions.cpp">
      <Filter>Source Files</Filter>
    </ClCompile>
    <ClCompile Include="AsyncResult.cpp">
      <Filter>Source Files</Filter>
    </ClCompile>
    <ClCompile Include="BlockingAsyncResult.cpp">
      <Filter>Source Files</Filter>
    </ClCompile>
    <ClCompile Include="QueuedTableMutator.cpp">
      <Filter>Source Files</Filter>
    </ClCompile>
    <ClCompile Include="KeyComparer.cpp">
      <Filter>Source Files</Filter>
    </ClCompile>
    <ClCompile Include="Composition\ContextFactory.cpp">
      <Filter>Source Files\Composition</Filter>
    </ClCompile>
    <ClCompile Include="Composition\ExportContextProviderAttribute.cpp">
      <Filter>Source Files\Composition</Filter>
    </ClCompile>
    <ClCompile Include="ColumnPredicate.cpp">
      <Filter>Source Files</Filter>
    </ClCompile>
    <ClCompile Include="ScanSpecBuilder.cpp">
      <Filter>Source Files</Filter>
    </ClCompile>
    <ClCompile Include="RowComparer.cpp">
      <Filter>Source Files</Filter>
    </ClCompile>
  </ItemGroup>
  <ItemGroup>
    <ResourceCompile Include="ht4n.rc" />
  </ItemGroup>
  <ItemGroup>
    <None Include="ht4n.sed" />
  </ItemGroup>
</Project>